// !$*UTF8*$!
{
	archiveVersion = 1;
	classes = {
	};
	objectVersion = 56;
	objects = {

/* Begin PBXBuildFile section */
		154A6C6629F0567600686416 /* AppDelegate.swift in Sources */ = {isa = PBXBuildFile; fileRef = 154A6C6529F0567600686416 /* AppDelegate.swift */; };
		154A6C6829F0567600686416 /* SceneDelegate.swift in Sources */ = {isa = PBXBuildFile; fileRef = 154A6C6729F0567600686416 /* SceneDelegate.swift */; };
		154A6C6A29F0567600686416 /* RMTabBarController.swift in Sources */ = {isa = PBXBuildFile; fileRef = 154A6C6929F0567600686416 /* RMTabBarController.swift */; };
		154A6C6F29F0567C00686416 /* Assets.xcassets in Resources */ = {isa = PBXBuildFile; fileRef = 154A6C6E29F0567C00686416 /* Assets.xcassets */; };
		154A6C8229F058E300686416 /* LaunchScreen.storyboard in Resources */ = {isa = PBXBuildFile; fileRef = 154A6C8129F058E200686416 /* LaunchScreen.storyboard */; };
		154A6C8429F0597400686416 /* RMLocation.swift in Sources */ = {isa = PBXBuildFile; fileRef = 154A6C8329F0597400686416 /* RMLocation.swift */; };
		154A6C8629F0597D00686416 /* RMEpisode.swift in Sources */ = {isa = PBXBuildFile; fileRef = 154A6C8529F0597D00686416 /* RMEpisode.swift */; };
		154A6C8829F0598A00686416 /* RMCharacter.swift in Sources */ = {isa = PBXBuildFile; fileRef = 154A6C8729F0598A00686416 /* RMCharacter.swift */; };
		154A6C8B29F05A4A00686416 /* RMLocationViewController.swift in Sources */ = {isa = PBXBuildFile; fileRef = 154A6C8A29F05A4A00686416 /* RMLocationViewController.swift */; };
		154A6C8D29F05A5400686416 /* RMCharacterViewController.swift in Sources */ = {isa = PBXBuildFile; fileRef = 154A6C8C29F05A5400686416 /* RMCharacterViewController.swift */; };
		154A6C8F29F05A5F00686416 /* RMEpisodeViewController.swift in Sources */ = {isa = PBXBuildFile; fileRef = 154A6C8E29F05A5F00686416 /* RMEpisodeViewController.swift */; };
		154A6C9129F05A6B00686416 /* RMSettingsViewController.swift in Sources */ = {isa = PBXBuildFile; fileRef = 154A6C9029F05A6B00686416 /* RMSettingsViewController.swift */; };
/* End PBXBuildFile section */

/* Begin PBXFileReference section */
		154A6C6229F0567600686416 /* RickAndMorty.app */ = {isa = PBXFileReference; explicitFileType = wrapper.application; includeInIndex = 0; path = RickAndMorty.app; sourceTree = BUILT_PRODUCTS_DIR; };
		154A6C6529F0567600686416 /* AppDelegate.swift */ = {isa = PBXFileReference; lastKnownFileType = sourcecode.swift; path = AppDelegate.swift; sourceTree = "<group>"; };
		154A6C6729F0567600686416 /* SceneDelegate.swift */ = {isa = PBXFileReference; lastKnownFileType = sourcecode.swift; path = SceneDelegate.swift; sourceTree = "<group>"; };
		154A6C6929F0567600686416 /* RMTabBarController.swift */ = {isa = PBXFileReference; lastKnownFileType = sourcecode.swift; path = RMTabBarController.swift; sourceTree = "<group>"; };
		154A6C6E29F0567C00686416 /* Assets.xcassets */ = {isa = PBXFileReference; lastKnownFileType = folder.assetcatalog; path = Assets.xcassets; sourceTree = "<group>"; };
		154A6C7329F0567C00686416 /* Info.plist */ = {isa = PBXFileReference; lastKnownFileType = text.plist.xml; path = Info.plist; sourceTree = "<group>"; };
		154A6C8129F058E200686416 /* LaunchScreen.storyboard */ = {isa = PBXFileReference; fileEncoding = 4; lastKnownFileType = file.storyboard; path = LaunchScreen.storyboard; sourceTree = "<group>"; };
		154A6C8329F0597400686416 /* RMLocation.swift */ = {isa = PBXFileReference; lastKnownFileType = sourcecode.swift; path = RMLocation.swift; sourceTree = "<group>"; };
		154A6C8529F0597D00686416 /* RMEpisode.swift */ = {isa = PBXFileReference; lastKnownFileType = sourcecode.swift; path = RMEpisode.swift; sourceTree = "<group>"; };
		154A6C8729F0598A00686416 /* RMCharacter.swift */ = {isa = PBXFileReference; lastKnownFileType = sourcecode.swift; path = RMCharacter.swift; sourceTree = "<group>"; };
		154A6C8A29F05A4A00686416 /* RMLocationViewController.swift */ = {isa = PBXFileReference; lastKnownFileType = sourcecode.swift; path = RMLocationViewController.swift; sourceTree = "<group>"; };
		154A6C8C29F05A5400686416 /* RMCharacterViewController.swift */ = {isa = PBXFileReference; lastKnownFileType = sourcecode.swift; path = RMCharacterViewController.swift; sourceTree = "<group>"; };
		154A6C8E29F05A5F00686416 /* RMEpisodeViewController.swift */ = {isa = PBXFileReference; lastKnownFileType = sourcecode.swift; path = RMEpisodeViewController.swift; sourceTree = "<group>"; };
		154A6C9029F05A6B00686416 /* RMSettingsViewController.swift */ = {isa = PBXFileReference; lastKnownFileType = sourcecode.swift; path = RMSettingsViewController.swift; sourceTree = "<group>"; };
/* End PBXFileReference section */

/* Begin PBXFrameworksBuildPhase section */
		154A6C5F29F0567600686416 /* Frameworks */ = {
			isa = PBXFrameworksBuildPhase;
			buildActionMask = 2147483647;
			files = (
			);
			runOnlyForDeploymentPostprocessing = 0;
		};
/* End PBXFrameworksBuildPhase section */

/* Begin PBXGroup section */
		154A6C5929F0567600686416 = {
			isa = PBXGroup;
			children = (
				154A6C6429F0567600686416 /* RickAndMorty */,
				154A6C6329F0567600686416 /* Products */,
			);
			sourceTree = "<group>";
		};
		154A6C6329F0567600686416 /* Products */ = {
			isa = PBXGroup;
			children = (
				154A6C6229F0567600686416 /* RickAndMorty.app */,
			);
			name = Products;
			sourceTree = "<group>";
		};
		154A6C6429F0567600686416 /* RickAndMorty */ = {
			isa = PBXGroup;
			children = (
				154A6C8029F058AB00686416 /* APIClient */,
				154A6C7F29F0589E00686416 /* Resources */,
				154A6C7E29F0589700686416 /* Managers */,
				154A6C7929F0584D00686416 /* Models */,
				154A6C7A29F0585500686416 /* Views */,
				154A6C7C29F0586E00686416 /* ViewModels */,
				154A6C7D29F0588F00686416 /* Controllers */,
				154A6C7329F0567C00686416 /* Info.plist */,
			);
			path = RickAndMorty;
			sourceTree = "<group>";
		};
		154A6C7929F0584D00686416 /* Models */ = {
			isa = PBXGroup;
			children = (
				154A6C8329F0597400686416 /* RMLocation.swift */,
				154A6C8529F0597D00686416 /* RMEpisode.swift */,
				154A6C8729F0598A00686416 /* RMCharacter.swift */,
			);
			path = Models;
			sourceTree = "<group>";
		};
		154A6C7A29F0585500686416 /* Views */ = {
			isa = PBXGroup;
			children = (
			);
			path = Views;
			sourceTree = "<group>";
		};
		154A6C7C29F0586E00686416 /* ViewModels */ = {
			isa = PBXGroup;
			children = (
			);
			path = ViewModels;
			sourceTree = "<group>";
		};
		154A6C7D29F0588F00686416 /* Controllers */ = {
			isa = PBXGroup;
			children = (
				154A6C8929F059F900686416 /* Core */,
			);
			path = Controllers;
			sourceTree = "<group>";
		};
		154A6C7E29F0589700686416 /* Managers */ = {
			isa = PBXGroup;
			children = (
			);
			path = Managers;
			sourceTree = "<group>";
		};
		154A6C7F29F0589E00686416 /* Resources */ = {
			isa = PBXGroup;
			children = (
				154A6C6529F0567600686416 /* AppDelegate.swift */,
				154A6C6729F0567600686416 /* SceneDelegate.swift */,
				154A6C6E29F0567C00686416 /* Assets.xcassets */,
				154A6C8129F058E200686416 /* LaunchScreen.storyboard */,
			);
			path = Resources;
			sourceTree = "<group>";
		};
		154A6C8029F058AB00686416 /* APIClient */ = {
			isa = PBXGroup;
			children = (
			);
			path = APIClient;
			sourceTree = "<group>";
		};
		154A6C8929F059F900686416 /* Core */ = {
			isa = PBXGroup;
			children = (
				154A6C6929F0567600686416 /* RMTabBarController.swift */,
				154A6C8C29F05A5400686416 /* RMCharacterViewController.swift */,
				154A6C8A29F05A4A00686416 /* RMLocationViewController.swift */,
				154A6C8E29F05A5F00686416 /* RMEpisodeViewController.swift */,
				154A6C9029F05A6B00686416 /* RMSettingsViewController.swift */,
			);
			path = Core;
			sourceTree = "<group>";
		};
/* End PBXGroup section */

/* Begin PBXNativeTarget section */
		154A6C6129F0567600686416 /* RickAndMorty */ = {
			isa = PBXNativeTarget;
			buildConfigurationList = 154A6C7629F0567C00686416 /* Build configuration list for PBXNativeTarget "RickAndMorty" */;
			buildPhases = (
				154A6C5E29F0567600686416 /* Sources */,
				154A6C5F29F0567600686416 /* Frameworks */,
				154A6C6029F0567600686416 /* Resources */,
			);
			buildRules = (
			);
			dependencies = (
			);
			name = RickAndMorty;
			productName = RickAndMorty;
			productReference = 154A6C6229F0567600686416 /* RickAndMorty.app */;
			productType = "com.apple.product-type.application";
		};
/* End PBXNativeTarget section */

/* Begin PBXProject section */
		154A6C5A29F0567600686416 /* Project object */ = {
			isa = PBXProject;
			attributes = {
				BuildIndependentTargetsInParallel = 1;
				LastSwiftUpdateCheck = 1410;
				LastUpgradeCheck = 1410;
				TargetAttributes = {
					154A6C6129F0567600686416 = {
						CreatedOnToolsVersion = 14.1;
					};
				};
			};
			buildConfigurationList = 154A6C5D29F0567600686416 /* Build configuration list for PBXProject "RickAndMorty" */;
			compatibilityVersion = "Xcode 14.0";
			developmentRegion = en;
			hasScannedForEncodings = 0;
			knownRegions = (
				en,
				Base,
			);
			mainGroup = 154A6C5929F0567600686416;
			productRefGroup = 154A6C6329F0567600686416 /* Products */;
			projectDirPath = "";
			projectRoot = "";
			targets = (
				154A6C6129F0567600686416 /* RickAndMorty */,
			);
		};
/* End PBXProject section */

/* Begin PBXResourcesBuildPhase section */
		154A6C6029F0567600686416 /* Resources */ = {
			isa = PBXResourcesBuildPhase;
			buildActionMask = 2147483647;
			files = (
				154A6C6F29F0567C00686416 /* Assets.xcassets in Resources */,
				154A6C8229F058E300686416 /* LaunchScreen.storyboard in Resources */,
			);
			runOnlyForDeploymentPostprocessing = 0;
		};
/* End PBXResourcesBuildPhase section */

/* Begin PBXSourcesBuildPhase section */
		154A6C5E29F0567600686416 /* Sources */ = {
			isa = PBXSourcesBuildPhase;
			buildActionMask = 2147483647;
			files = (
				154A6C8829F0598A00686416 /* RMCharacter.swift in Sources */,
				154A6C6A29F0567600686416 /* RMTabBarController.swift in Sources */,
				154A6C8B29F05A4A00686416 /* RMLocationViewController.swift in Sources */,
				154A6C8F29F05A5F00686416 /* RMEpisodeViewController.swift in Sources */,
				154A6C6629F0567600686416 /* AppDelegate.swift in Sources */,
				154A6C8629F0597D00686416 /* RMEpisode.swift in Sources */,
				154A6C9129F05A6B00686416 /* RMSettingsViewController.swift in Sources */,
				154A6C8D29F05A5400686416 /* RMCharacterViewController.swift in Sources */,
				154A6C6829F0567600686416 /* SceneDelegate.swift in Sources */,
				154A6C8429F0597400686416 /* RMLocation.swift in Sources */,
			);
			runOnlyForDeploymentPostprocessing = 0;
		};
/* End PBXSourcesBuildPhase section */

/* Begin XCBuildConfiguration section */
		154A6C7429F0567C00686416 /* Debug */ = {
			isa = XCBuildConfiguration;
			buildSettings = {
				ALWAYS_SEARCH_USER_PATHS = NO;
				CLANG_ANALYZER_NONNULL = YES;
				CLANG_ANALYZER_NUMBER_OBJECT_CONVERSION = YES_AGGRESSIVE;
				CLANG_CXX_LANGUAGE_STANDARD = "gnu++20";
				CLANG_ENABLE_MODULES = YES;
				CLANG_ENABLE_OBJC_ARC = YES;
				CLANG_ENABLE_OBJC_WEAK = YES;
				CLANG_WARN_BLOCK_CAPTURE_AUTORELEASING = YES;
				CLANG_WARN_BOOL_CONVERSION = YES;
				CLANG_WARN_COMMA = YES;
				CLANG_WARN_CONSTANT_CONVERSION = YES;
				CLANG_WARN_DEPRECATED_OBJC_IMPLEMENTATIONS = YES;
				CLANG_WARN_DIRECT_OBJC_ISA_USAGE = YES_ERROR;
				CLANG_WARN_DOCUMENTATION_COMMENTS = YES;
				CLANG_WARN_EMPTY_BODY = YES;
				CLANG_WARN_ENUM_CONVERSION = YES;
				CLANG_WARN_INFINITE_RECURSION = YES;
				CLANG_WARN_INT_CONVERSION = YES;
				CLANG_WARN_NON_LITERAL_NULL_CONVERSION = YES;
				CLANG_WARN_OBJC_IMPLICIT_RETAIN_SELF = YES;
				CLANG_WARN_OBJC_LITERAL_CONVERSION = YES;
				CLANG_WARN_OBJC_ROOT_CLASS = YES_ERROR;
				CLANG_WARN_QUOTED_INCLUDE_IN_FRAMEWORK_HEADER = YES;
				CLANG_WARN_RANGE_LOOP_ANALYSIS = YES;
				CLANG_WARN_STRICT_PROTOTYPES = YES;
				CLANG_WARN_SUSPICIOUS_MOVE = YES;
				CLANG_WARN_UNGUARDED_AVAILABILITY = YES_AGGRESSIVE;
				CLANG_WARN_UNREACHABLE_CODE = YES;
				CLANG_WARN__DUPLICATE_METHOD_MATCH = YES;
				COPY_PHASE_STRIP = NO;
				DEBUG_INFORMATION_FORMAT = dwarf;
				ENABLE_STRICT_OBJC_MSGSEND = YES;
				ENABLE_TESTABILITY = YES;
				GCC_C_LANGUAGE_STANDARD = gnu11;
				GCC_DYNAMIC_NO_PIC = NO;
				GCC_NO_COMMON_BLOCKS = YES;
				GCC_OPTIMIZATION_LEVEL = 0;
				GCC_PREPROCESSOR_DEFINITIONS = (
					"DEBUG=1",
					"$(inherited)",
				);
				GCC_WARN_64_TO_32_BIT_CONVERSION = YES;
				GCC_WARN_ABOUT_RETURN_TYPE = YES_ERROR;
				GCC_WARN_UNDECLARED_SELECTOR = YES;
				GCC_WARN_UNINITIALIZED_AUTOS = YES_AGGRESSIVE;
				GCC_WARN_UNUSED_FUNCTION = YES;
				GCC_WARN_UNUSED_VARIABLE = YES;
				IPHONEOS_DEPLOYMENT_TARGET = 16.1;
				MTL_ENABLE_DEBUG_INFO = INCLUDE_SOURCE;
				MTL_FAST_MATH = YES;
				ONLY_ACTIVE_ARCH = YES;
				SDKROOT = iphoneos;
				SWIFT_ACTIVE_COMPILATION_CONDITIONS = DEBUG;
				SWIFT_OPTIMIZATION_LEVEL = "-Onone";
			};
			name = Debug;
		};
		154A6C7529F0567C00686416 /* Release */ = {
			isa = XCBuildConfiguration;
			buildSettings = {
				ALWAYS_SEARCH_USER_PATHS = NO;
				CLANG_ANALYZER_NONNULL = YES;
				CLANG_ANALYZER_NUMBER_OBJECT_CONVERSION = YES_AGGRESSIVE;
				CLANG_CXX_LANGUAGE_STANDARD = "gnu++20";
				CLANG_ENABLE_MODULES = YES;
				CLANG_ENABLE_OBJC_ARC = YES;
				CLANG_ENABLE_OBJC_WEAK = YES;
				CLANG_WARN_BLOCK_CAPTURE_AUTORELEASING = YES;
				CLANG_WARN_BOOL_CONVERSION = YES;
				CLANG_WARN_COMMA = YES;
				CLANG_WARN_CONSTANT_CONVERSION = YES;
				CLANG_WARN_DEPRECATED_OBJC_IMPLEMENTATIONS = YES;
				CLANG_WARN_DIRECT_OBJC_ISA_USAGE = YES_ERROR;
				CLANG_WARN_DOCUMENTATION_COMMENTS = YES;
				CLANG_WARN_EMPTY_BODY = YES;
				CLANG_WARN_ENUM_CONVERSION = YES;
				CLANG_WARN_INFINITE_RECURSION = YES;
				CLANG_WARN_INT_CONVERSION = YES;
				CLANG_WARN_NON_LITERAL_NULL_CONVERSION = YES;
				CLANG_WARN_OBJC_IMPLICIT_RETAIN_SELF = YES;
				CLANG_WARN_OBJC_LITERAL_CONVERSION = YES;
				CLANG_WARN_OBJC_ROOT_CLASS = YES_ERROR;
				CLANG_WARN_QUOTED_INCLUDE_IN_FRAMEWORK_HEADER = YES;
				CLANG_WARN_RANGE_LOOP_ANALYSIS = YES;
				CLANG_WARN_STRICT_PROTOTYPES = YES;
				CLANG_WARN_SUSPICIOUS_MOVE = YES;
				CLANG_WARN_UNGUARDED_AVAILABILITY = YES_AGGRESSIVE;
				CLANG_WARN_UNREACHABLE_CODE = YES;
				CLANG_WARN__DUPLICATE_METHOD_MATCH = YES;
				COPY_PHASE_STRIP = NO;
				DEBUG_INFORMATION_FORMAT = "dwarf-with-dsym";
				ENABLE_NS_ASSERTIONS = NO;
				ENABLE_STRICT_OBJC_MSGSEND = YES;
				GCC_C_LANGUAGE_STANDARD = gnu11;
				GCC_NO_COMMON_BLOCKS = YES;
				GCC_WARN_64_TO_32_BIT_CONVERSION = YES;
				GCC_WARN_ABOUT_RETURN_TYPE = YES_ERROR;
				GCC_WARN_UNDECLARED_SELECTOR = YES;
				GCC_WARN_UNINITIALIZED_AUTOS = YES_AGGRESSIVE;
				GCC_WARN_UNUSED_FUNCTION = YES;
				GCC_WARN_UNUSED_VARIABLE = YES;
				IPHONEOS_DEPLOYMENT_TARGET = 16.1;
				MTL_ENABLE_DEBUG_INFO = NO;
				MTL_FAST_MATH = YES;
				SDKROOT = iphoneos;
				SWIFT_COMPILATION_MODE = wholemodule;
				SWIFT_OPTIMIZATION_LEVEL = "-O";
				VALIDATE_PRODUCT = YES;
			};
			name = Release;
		};
		154A6C7729F0567C00686416 /* Debug */ = {
			isa = XCBuildConfiguration;
			buildSettings = {
				ASSETCATALOG_COMPILER_APPICON_NAME = AppIcon;
				ASSETCATALOG_COMPILER_GLOBAL_ACCENT_COLOR_NAME = AccentColor;
				CODE_SIGN_STYLE = Automatic;
				CURRENT_PROJECT_VERSION = 1;
				DEVELOPMENT_TEAM = K4K55XNXA6;
				GENERATE_INFOPLIST_FILE = YES;
				INFOPLIST_FILE = RickAndMorty/Info.plist;
				INFOPLIST_KEY_UIApplicationSupportsIndirectInputEvents = YES;
				INFOPLIST_KEY_UILaunchStoryboardName = LaunchScreen;
				INFOPLIST_KEY_UISupportedInterfaceOrientations_iPad = "UIInterfaceOrientationPortrait UIInterfaceOrientationPortraitUpsideDown UIInterfaceOrientationLandscapeLeft UIInterfaceOrientationLandscapeRight";
				INFOPLIST_KEY_UISupportedInterfaceOrientations_iPhone = "UIInterfaceOrientationPortrait UIInterfaceOrientationLandscapeLeft UIInterfaceOrientationLandscapeRight";
				LD_RUNPATH_SEARCH_PATHS = (
					"$(inherited)",
					"@executable_path/Frameworks",
				);
				MARKETING_VERSION = 1.0;
				PRODUCT_BUNDLE_IDENTIFIER = com.example.RickAndMorty;
				PRODUCT_NAME = "$(TARGET_NAME)";
				SWIFT_EMIT_LOC_STRINGS = YES;
				SWIFT_VERSION = 5.0;
				TARGETED_DEVICE_FAMILY = "1,2";
			};
			name = Debug;
		};
		154A6C7829F0567C00686416 /* Release */ = {
			isa = XCBuildConfiguration;
			buildSettings = {
				ASSETCATALOG_COMPILER_APPICON_NAME = AppIcon;
				ASSETCATALOG_COMPILER_GLOBAL_ACCENT_COLOR_NAME = AccentColor;
				CODE_SIGN_STYLE = Automatic;
				CURRENT_PROJECT_VERSION = 1;
				DEVELOPMENT_TEAM = K4K55XNXA6;
				GENERATE_INFOPLIST_FILE = YES;
				INFOPLIST_FILE = RickAndMorty/Info.plist;
				INFOPLIST_KEY_UIApplicationSupportsIndirectInputEvents = YES;
				INFOPLIST_KEY_UILaunchStoryboardName = LaunchScreen;
				INFOPLIST_KEY_UISupportedInterfaceOrientations_iPad = "UIInterfaceOrientationPortrait UIInterfaceOrientationPortraitUpsideDown UIInterfaceOrientationLandscapeLeft UIInterfaceOrientationLandscapeRight";
				INFOPLIST_KEY_UISupportedInterfaceOrientations_iPhone = "UIInterfaceOrientationPortrait UIInterfaceOrientationLandscapeLeft UIInterfaceOrientationLandscapeRight";
				LD_RUNPATH_SEARCH_PATHS = (
					"$(inherited)",
					"@executable_path/Frameworks",
				);
				MARKETING_VERSION = 1.0;
				PRODUCT_BUNDLE_IDENTIFIER = com.example.RickAndMorty;
				PRODUCT_NAME = "$(TARGET_NAME)";
				SWIFT_EMIT_LOC_STRINGS = YES;
				SWIFT_VERSION = 5.0;
				TARGETED_DEVICE_FAMILY = "1,2";
			};
			name = Release;
		};
/* End XCBuildConfiguration section */

/* Begin XCConfigurationList section */
		154A6C5D29F0567600686416 /* Build configuration list for PBXProject "RickAndMorty" */ = {
			isa = XCConfigurationList;
			buildConfigurations = (
				154A6C7429F0567C00686416 /* Debug */,
				154A6C7529F0567C00686416 /* Release */,
			);
			defaultConfigurationIsVisible = 0;
			defaultConfigurationName = Release;
		};
		154A6C7629F0567C00686416 /* Build configuration list for PBXNativeTarget "RickAndMorty" */ = {
			isa = XCConfigurationList;
			buildConfigurations = (
				154A6C7729F0567C00686416 /* Debug */,
				154A6C7829F0567C00686416 /* Release */,
			);
			defaultConfigurationIsVisible = 0;
			defaultConfigurationName = Release;
		};
/* End XCConfigurationList section */
	};
	rootObject = 154A6C5A29F0567600686416 /* Project object */;
}
